
Microsoft Visual Studio Solution File, Format Version 12.00
# Visual Studio Version 17
VisualStudioVersion = 17.3.32819.101
MinimumVisualStudioVersion = 10.0.40219.1
Project("{9A19103F-16F7-4668-BE54-9A1E7A4F7556}") = "TaskDialogLibrary", "TaskDialogLibrary\TaskDialogLibrary.csproj", "{2F569ECC-D902-41DA-BF2C-175CAB23E5EB}"
EndProject
Project("{9A19103F-16F7-4668-BE54-9A1E7A4F7556}") = "TaskDialogFrontEndApp", "TaskDialogFrontEndApp\TaskDialogFrontEndApp.csproj", "{146116E5-0E3B-4553-B2CC-236A455802CC}"
EndProject
Project("{2150E333-8FDC-42A3-9474-1A3956D46DE8}") = "Solution Items", "Solution Items", "{69A38367-97B2-4A58-A1D0-9326BF9C8284}"
	ProjectSection(SolutionItems) = preProject
		readme.md = readme.md
	EndProjectSection
EndProject
Project("{9A19103F-16F7-4668-BE54-9A1E7A4F7556}") = "WindowsLibrary", "WindowsLibrary\WindowsLibrary.csproj", "{B485F398-25F0-443D-BF3D-051E4C9EE345}"
EndProject
Project("{778DAE3C-4631-46EA-AA77-85C1314464D9}") = "WinFormsApp1", "WinFormsApp1\WinFormsApp1.vbproj", "{4B8A3546-D98F-4814-ADC6-FDFAF525A9C0}"
EndProject
Project("{9A19103F-16F7-4668-BE54-9A1E7A4F7556}") = "DoNotShowAgainApp", "DoNotShowAgainApp\DoNotShowAgainApp.csproj", "{EC527B9E-FF87-4D9D-9D4B-DC3963D6D254}"
EndProject
Project("{FAE04EC0-301F-11D3-BF4B-00C04F79EFBC}") = "ErrorExampleApp", "ErrorExampleApp\ErrorExampleApp.csproj", "{785011CA-F34C-4CAD-80A6-EBFCE918B57B}"
EndProject
Global
	GlobalSection(SolutionConfigurationPlatforms) = preSolution
		Debug|Any CPU = Debug|Any CPU
		Release|Any CPU = Release|Any CPU
	EndGlobalSection
	GlobalSection(ProjectConfigurationPlatforms) = postSolution
		{2F569ECC-D902-41DA-BF2C-175CAB23E5EB}.Debug|Any CPU.ActiveCfg = Debug|Any CPU
		{2F569ECC-D902-41DA-BF2C-175CAB23E5EB}.Debug|Any CPU.Build.0 = Debug|Any CPU
		{2F569ECC-D902-41DA-BF2C-175CAB23E5EB}.Release|Any CPU.ActiveCfg = Release|Any CPU
		{2F569ECC-D902-41DA-BF2C-175CAB23E5EB}.Release|Any CPU.Build.0 = Release|Any CPU
		{146116E5-0E3B-4553-B2CC-236A455802CC}.Debug|Any CPU.ActiveCfg = Debug|Any CPU
		{146116E5-0E3B-4553-B2CC-236A455802CC}.Debug|Any CPU.Build.0 = Debug|Any CPU
		{146116E5-0E3B-4553-B2CC-236A455802CC}.Release|Any CPU.ActiveCfg = Release|Any CPU
		{146116E5-0E3B-4553-B2CC-236A455802CC}.Release|Any CPU.Build.0 = Release|Any CPU
		{B485F398-25F0-443D-BF3D-051E4C9EE345}.Debug|Any CPU.ActiveCfg = Debug|Any CPU
		{B485F398-25F0-443D-BF3D-051E4C9EE345}.Debug|Any CPU.Build.0 = Debug|Any CPU
		{B485F398-25F0-443D-BF3D-051E4C9EE345}.Release|Any CPU.ActiveCfg = Release|Any CPU
		{B485F398-25F0-443D-BF3D-051E4C9EE345}.Release|Any CPU.Build.0 = Release|Any CPU
		{4B8A3546-D98F-4814-ADC6-FDFAF525A9C0}.Debug|Any CPU.ActiveCfg = Debug|Any CPU
		{4B8A3546-D98F-4814-ADC6-FDFAF525A9C0}.Debug|Any CPU.Build.0 = Debug|Any CPU
		{4B8A3546-D98F-4814-ADC6-FDFAF525A9C0}.Release|Any CPU.ActiveCfg = Release|Any CPU
		{4B8A3546-D98F-4814-ADC6-FDFAF525A9C0}.Release|Any CPU.Build.0 = Release|Any CPU
		{EC527B9E-FF87-4D9D-9D4B-DC3963D6D254}.Debug|Any CPU.ActiveCfg = Debug|Any CPU
		{EC527B9E-FF87-4D9D-9D4B-DC3963D6D254}.Debug|Any CPU.Build.0 = Debug|Any CPU
		{EC527B9E-FF87-4D9D-9D4B-DC3963D6D254}.Release|Any CPU.ActiveCfg = Release|Any CPU
		{EC527B9E-FF87-4D9D-9D4B-DC3963D6D254}.Release|Any CPU.Build.0 = Release|Any CPU
		{785011CA-F34C-4CAD-80A6-EBFCE918B57B}.Debug|Any CPU.ActiveCfg = Debug|Any CPU
		{785011CA-F34C-4CAD-80A6-EBFCE918B57B}.Debug|Any CPU.Build.0 = Debug|Any CPU
		{785011CA-F34C-4CAD-80A6-EBFCE918B57B}.Release|Any CPU.ActiveCfg = Release|Any CPU
		{785011CA-F34C-4CAD-80A6-EBFCE918B57B}.Release|Any CPU.Build.0 = Release|Any CPU
	EndGlobalSection
	GlobalSection(SolutionProperties) = preSolution
		HideSolutionNode = FALSE
	EndGlobalSection
	GlobalSection(ExtensibilityGlobals) = postSolution
		SolutionGuid = {85F2DA92-91E7-4D99-ACB7-079A3D4A0A0B}
	EndGlobalSection
EndGlobal
